// !$*UTF8*$!
{
	archiveVersion = 1;
	classes = {
	};
	objectVersion = 50;
	objects = {

/* Begin PBXBuildFile section */
		9808504E24C2F0150026B90B /* SHAudioPlayerSDK.framework in Frameworks */ = {isa = PBXBuildFile; fileRef = 9808504C24C2F0030026B90B /* SHAudioPlayerSDK.framework */; };
		9808504F24C2F0150026B90B /* SHAudioPlayerSDK.framework in Embed Frameworks */ = {isa = PBXBuildFile; fileRef = 9808504C24C2F0030026B90B /* SHAudioPlayerSDK.framework */; settings = {ATTRIBUTES = (CodeSignOnCopy, RemoveHeadersOnCopy, ); }; };
		AF092C0B2299918600690AE2 /* AppDelegate.swift in Sources */ = {isa = PBXBuildFile; fileRef = AF092C0A2299918600690AE2 /* AppDelegate.swift */; };
		AF092C0D2299918600690AE2 /* ViewController.swift in Sources */ = {isa = PBXBuildFile; fileRef = AF092C0C2299918600690AE2 /* ViewController.swift */; };
		AF092C102299918600690AE2 /* Main.storyboard in Resources */ = {isa = PBXBuildFile; fileRef = AF092C0E2299918600690AE2 /* Main.storyboard */; };
		AF092C122299918900690AE2 /* SHAudioPlayerSampleAssets.xcassets in Resources */ = {isa = PBXBuildFile; fileRef = AF092C112299918900690AE2 /* SHAudioPlayerSampleAssets.xcassets */; };
		AF092C152299918900690AE2 /* LaunchScreen.storyboard in Resources */ = {isa = PBXBuildFile; fileRef = AF092C132299918900690AE2 /* LaunchScreen.storyboard */; };
		AF092C1F2299927300690AE2 /* MySongObj.swift in Sources */ = {isa = PBXBuildFile; fileRef = AF092C1E2299927200690AE2 /* MySongObj.swift */; };
		AF8D5DF5229D527D00DE00F9 /* system_alerts_melodic_01.mp3 in Resources */ = {isa = PBXBuildFile; fileRef = AF8D5DF4229D527C00DE00F9 /* system_alerts_melodic_01.mp3 */; };
/* End PBXBuildFile section */

/* Begin PBXCopyFilesBuildPhase section */
		AF8D5DF8229D52E200DE00F9 /* Embed Frameworks */ = {
			isa = PBXCopyFilesBuildPhase;
			buildActionMask = 2147483647;
			dstPath = "";
			dstSubfolderSpec = 10;
			files = (
				9808504F24C2F0150026B90B /* SHAudioPlayerSDK.framework in Embed Frameworks */,
			);
			name = "Embed Frameworks";
			runOnlyForDeploymentPostprocessing = 0;
		};
/* End PBXCopyFilesBuildPhase section */

/* Begin PBXFileReference section */
		9808504C24C2F0030026B90B /* SHAudioPlayerSDK.framework */ = {isa = PBXFileReference; lastKnownFileType = wrapper.framework; path = SHAudioPlayerSDK.framework; sourceTree = SOURCE_ROOT; };
		AF092C072299918600690AE2 /* SHAudioPlayerSample.app */ = {isa = PBXFileReference; explicitFileType = wrapper.application; includeInIndex = 0; path = SHAudioPlayerSample.app; sourceTree = BUILT_PRODUCTS_DIR; };
		AF092C0A2299918600690AE2 /* AppDelegate.swift */ = {isa = PBXFileReference; lastKnownFileType = sourcecode.swift; path = AppDelegate.swift; sourceTree = "<group>"; };
		AF092C0C2299918600690AE2 /* ViewController.swift */ = {isa = PBXFileReference; lastKnownFileType = sourcecode.swift; path = ViewController.swift; sourceTree = "<group>"; };
		AF092C0F2299918600690AE2 /* Base */ = {isa = PBXFileReference; lastKnownFileType = file.storyboard; name = Base; path = Base.lproj/Main.storyboard; sourceTree = "<group>"; };
		AF092C112299918900690AE2 /* SHAudioPlayerSampleAssets.xcassets */ = {isa = PBXFileReference; lastKnownFileType = folder.assetcatalog; path = SHAudioPlayerSampleAssets.xcassets; sourceTree = "<group>"; };
		AF092C142299918900690AE2 /* Base */ = {isa = PBXFileReference; lastKnownFileType = file.storyboard; name = Base; path = Base.lproj/LaunchScreen.storyboard; sourceTree = "<group>"; };
		AF092C162299918900690AE2 /* Info.plist */ = {isa = PBXFileReference; lastKnownFileType = text.plist.xml; path = Info.plist; sourceTree = "<group>"; };
		AF092C1E2299927200690AE2 /* MySongObj.swift */ = {isa = PBXFileReference; fileEncoding = 4; lastKnownFileType = sourcecode.swift; path = MySongObj.swift; sourceTree = "<group>"; };
		AF8D5DF4229D527C00DE00F9 /* system_alerts_melodic_01.mp3 */ = {isa = PBXFileReference; lastKnownFileType = audio.mp3; path = system_alerts_melodic_01.mp3; sourceTree = "<group>"; };
/* End PBXFileReference section */

/* Begin PBXFrameworksBuildPhase section */
		AF092C042299918600690AE2 /* Frameworks */ = {
			isa = PBXFrameworksBuildPhase;
			buildActionMask = 2147483647;
			files = (
				9808504E24C2F0150026B90B /* SHAudioPlayerSDK.framework in Frameworks */,
			);
			runOnlyForDeploymentPostprocessing = 0;
		};
/* End PBXFrameworksBuildPhase section */

/* Begin PBXGroup section */
		AF092BFE2299918600690AE2 = {
			isa = PBXGroup;
			children = (
				AF092C092299918600690AE2 /* SHAudioPlayerSample */,
				AF092C082299918600690AE2 /* Products */,
			);
			sourceTree = "<group>";
		};
		AF092C082299918600690AE2 /* Products */ = {
			isa = PBXGroup;
			children = (
				AF092C072299918600690AE2 /* SHAudioPlayerSample.app */,
			);
			name = Products;
			sourceTree = "<group>";
		};
		AF092C092299918600690AE2 /* SHAudioPlayerSample */ = {
			isa = PBXGroup;
			children = (
				AF8D5DF4229D527C00DE00F9 /* system_alerts_melodic_01.mp3 */,
				AF092C0A2299918600690AE2 /* AppDelegate.swift */,
				AF092C1E2299927200690AE2 /* MySongObj.swift */,
				AF092C0C2299918600690AE2 /* ViewController.swift */,
				9808504C24C2F0030026B90B /* SHAudioPlayerSDK.framework */,
				AF092C0E2299918600690AE2 /* Main.storyboard */,
				AF092C112299918900690AE2 /* SHAudioPlayerSampleAssets.xcassets */,
				AF092C132299918900690AE2 /* LaunchScreen.storyboard */,
				AF092C162299918900690AE2 /* Info.plist */,
			);
			path = SHAudioPlayerSample;
			sourceTree = "<group>";
		};
/* End PBXGroup section */

/* Begin PBXNativeTarget section */
		AF092C062299918600690AE2 /* SHAudioPlayerSample */ = {
			isa = PBXNativeTarget;
			buildConfigurationList = AF092C192299918900690AE2 /* Build configuration list for PBXNativeTarget "SHAudioPlayerSample" */;
			buildPhases = (
				AF092C032299918600690AE2 /* Sources */,
				AF092C042299918600690AE2 /* Frameworks */,
				AF092C052299918600690AE2 /* Resources */,
				AF8D5DF8229D52E200DE00F9 /* Embed Frameworks */,
			);
			buildRules = (
			);
			dependencies = (
			);
			name = SHAudioPlayerSample;
			productName = SampleTwo;
			productReference = AF092C072299918600690AE2 /* SHAudioPlayerSample.app */;
			productType = "com.apple.product-type.application";
		};
/* End PBXNativeTarget section */

/* Begin PBXProject section */
		AF092BFF2299918600690AE2 /* Project object */ = {
			isa = PBXProject;
			attributes = {
				LastSwiftUpdateCheck = 1020;
				LastUpgradeCheck = 1020;
				ORGANIZATIONNAME = "Shebin Koshy";
				TargetAttributes = {
					AF092C062299918600690AE2 = {
						CreatedOnToolsVersion = 10.2;
						SystemCapabilities = {
							com.apple.BackgroundModes = {
								enabled = 1;
							};
						};
					};
				};
			};
			buildConfigurationList = AF092C022299918600690AE2 /* Build configuration list for PBXProject "SHAudioPlayerSample" */;
			compatibilityVersion = "Xcode 9.3";
			developmentRegion = en;
			hasScannedForEncodings = 0;
			knownRegions = (
				en,
				Base,
			);
			mainGroup = AF092BFE2299918600690AE2;
			productRefGroup = AF092C082299918600690AE2 /* Products */;
			projectDirPath = "";
			projectRoot = "";
			targets = (
				AF092C062299918600690AE2 /* SHAudioPlayerSample */,
			);
		};
/* End PBXProject section */

/* Begin PBXResourcesBuildPhase section */
		AF092C052299918600690AE2 /* Resources */ = {
			isa = PBXResourcesBuildPhase;
			buildActionMask = 2147483647;
			files = (
				AF092C152299918900690AE2 /* LaunchScreen.storyboard in Resources */,
				AF8D5DF5229D527D00DE00F9 /* system_alerts_melodic_01.mp3 in Resources */,
				AF092C122299918900690AE2 /* SHAudioPlayerSampleAssets.xcassets in Resources */,
				AF092C102299918600690AE2 /* Main.storyboard in Resources */,
			);
			runOnlyForDeploymentPostprocessing = 0;
		};
/* End PBXResourcesBuildPhase section */

/* Begin PBXSourcesBuildPhase section */
		AF092C032299918600690AE2 /* Sources */ = {
			isa = PBXSourcesBuildPhase;
			buildActionMask = 2147483647;
			files = (
				AF092C0D2299918600690AE2 /* ViewController.swift in Sources */,
				AF092C1F2299927300690AE2 /* MySongObj.swift in Sources */,
				AF092C0B2299918600690AE2 /* AppDelegate.swift in Sources */,
			);
			runOnlyForDeploymentPostprocessing = 0;
		};
/* End PBXSourcesBuildPhase section */

/* Begin PBXVariantGroup section */
		AF092C0E2299918600690AE2 /* Main.storyboard */ = {
			isa = PBXVariantGroup;
			children = (
				AF092C0F2299918600690AE2 /* Base */,
			);
			name = Main.storyboard;
			sourceTree = "<group>";
		};
		AF092C132299918900690AE2 /* LaunchScreen.storyboard */ = {
			isa = PBXVariantGroup;
			children = (
				AF092C142299918900690AE2 /* Base */,
			);
			name = LaunchScreen.storyboard;
			sourceTree = "<group>";
		};
/* End PBXVariantGroup section */

/* Begin XCBuildConfiguration section */
		AF092C172299918900690AE2 /* Debug */ = {
			isa = XCBuildConfiguration;
			buildSettings = {
				ALWAYS_SEARCH_USER_PATHS = NO;
				CLANG_ANALYZER_NONNULL = YES;
				CLANG_ANALYZER_NUMBER_OBJECT_CONVERSION = YES_AGGRESSIVE;
				CLANG_CXX_LANGUAGE_STANDARD = "gnu++14";
				CLANG_CXX_LIBRARY = "libc++";
				CLANG_ENABLE_MODULES = YES;
				CLANG_ENABLE_OBJC_ARC = YES;
				CLANG_ENABLE_OBJC_WEAK = YES;
				CLANG_WARN_BLOCK_CAPTURE_AUTORELEASING = YES;
				CLANG_WARN_BOOL_CONVERSION = YES;
				CLANG_WARN_COMMA = YES;
				CLANG_WARN_CONSTANT_CONVERSION = YES;
				CLANG_WARN_DEPRECATED_OBJC_IMPLEMENTATIONS = YES;
				CLANG_WARN_DIRECT_OBJC_ISA_USAGE = YES_ERROR;
				CLANG_WARN_DOCUMENTATION_COMMENTS = YES;
				CLANG_WARN_EMPTY_BODY = YES;
				CLANG_WARN_ENUM_CONVERSION = YES;
				CLANG_WARN_INFINITE_RECURSION = YES;
				CLANG_WARN_INT_CONVERSION = YES;
				CLANG_WARN_NON_LITERAL_NULL_CONVERSION = YES;
				CLANG_WARN_OBJC_IMPLICIT_RETAIN_SELF = YES;
				CLANG_WARN_OBJC_LITERAL_CONVERSION = YES;
				CLANG_WARN_OBJC_ROOT_CLASS = YES_ERROR;
				CLANG_WARN_RANGE_LOOP_ANALYSIS = YES;
				CLANG_WARN_STRICT_PROTOTYPES = YES;
				CLANG_WARN_SUSPICIOUS_MOVE = YES;
				CLANG_WARN_UNGUARDED_AVAILABILITY = YES_AGGRESSIVE;
				CLANG_WARN_UNREACHABLE_CODE = YES;
				CLANG_WARN__DUPLICATE_METHOD_MATCH = YES;
				CODE_SIGN_IDENTITY = "iPhone Developer";
				COPY_PHASE_STRIP = NO;
				DEBUG_INFORMATION_FORMAT = dwarf;
				ENABLE_STRICT_OBJC_MSGSEND = YES;
				ENABLE_TESTABILITY = YES;
				GCC_C_LANGUAGE_STANDARD = gnu11;
				GCC_DYNAMIC_NO_PIC = NO;
				GCC_NO_COMMON_BLOCKS = YES;
				GCC_OPTIMIZATION_LEVEL = 0;
				GCC_PREPROCESSOR_DEFINITIONS = (
					"DEBUG=1",
					"$(inherited)",
				);
				GCC_WARN_64_TO_32_BIT_CONVERSION = YES;
				GCC_WARN_ABOUT_RETURN_TYPE = YES_ERROR;
				GCC_WARN_UNDECLARED_SELECTOR = YES;
				GCC_WARN_UNINITIALIZED_AUTOS = YES_AGGRESSIVE;
				GCC_WARN_UNUSED_FUNCTION = YES;
				GCC_WARN_UNUSED_VARIABLE = YES;
				IPHONEOS_DEPLOYMENT_TARGET = 12.2;
				MTL_ENABLE_DEBUG_INFO = INCLUDE_SOURCE;
				MTL_FAST_MATH = YES;
				ONLY_ACTIVE_ARCH = YES;
				SDKROOT = iphoneos;
				SWIFT_ACTIVE_COMPILATION_CONDITIONS = DEBUG;
				SWIFT_OPTIMIZATION_LEVEL = "-Onone";
			};
			name = Debug;
		};
		AF092C182299918900690AE2 /* Release */ = {
			isa = XCBuildConfiguration;
			buildSettings = {
				ALWAYS_SEARCH_USER_PATHS = NO;
				CLANG_ANALYZER_NONNULL = YES;
				CLANG_ANALYZER_NUMBER_OBJECT_CONVERSION = YES_AGGRESSIVE;
				CLANG_CXX_LANGUAGE_STANDARD = "gnu++14";
				CLANG_CXX_LIBRARY = "libc++";
				CLANG_ENABLE_MODULES = YES;
				CLANG_ENABLE_OBJC_ARC = YES;
				CLANG_ENABLE_OBJC_WEAK = YES;
				CLANG_WARN_BLOCK_CAPTURE_AUTORELEASING = YES;
				CLANG_WARN_BOOL_CONVERSION = YES;
				CLANG_WARN_COMMA = YES;
				CLANG_WARN_CONSTANT_CONVERSION = YES;
				CLANG_WARN_DEPRECATED_OBJC_IMPLEMENTATIONS = YES;
				CLANG_WARN_DIRECT_OBJC_ISA_USAGE = YES_ERROR;
				CLANG_WARN_DOCUMENTATION_COMMENTS = YES;
				CLANG_WARN_EMPTY_BODY = YES;
				CLANG_WARN_ENUM_CONVERSION = YES;
				CLANG_WARN_INFINITE_RECURSION = YES;
				CLANG_WARN_INT_CONVERSION = YES;
				CLANG_WARN_NON_LITERAL_NULL_CONVERSION = YES;
				CLANG_WARN_OBJC_IMPLICIT_RETAIN_SELF = YES;
				CLANG_WARN_OBJC_LITERAL_CONVERSION = YES;
				CLANG_WARN_OBJC_ROOT_CLASS = YES_ERROR;
				CLANG_WARN_RANGE_LOOP_ANALYSIS = YES;
				CLANG_WARN_STRICT_PROTOTYPES = YES;
				CLANG_WARN_SUSPICIOUS_MOVE = YES;
				CLANG_WARN_UNGUARDED_AVAILABILITY = YES_AGGRESSIVE;
				CLANG_WARN_UNREACHABLE_CODE = YES;
				CLANG_WARN__DUPLICATE_METHOD_MATCH = YES;
				CODE_SIGN_IDENTITY = "iPhone Developer";
				COPY_PHASE_STRIP = NO;
				DEBUG_INFORMATION_FORMAT = "dwarf-with-dsym";
				ENABLE_NS_ASSERTIONS = NO;
				ENABLE_STRICT_OBJC_MSGSEND = YES;
				GCC_C_LANGUAGE_STANDARD = gnu11;
				GCC_NO_COMMON_BLOCKS = YES;
				GCC_WARN_64_TO_32_BIT_CONVERSION = YES;
				GCC_WARN_ABOUT_RETURN_TYPE = YES_ERROR;
				GCC_WARN_UNDECLARED_SELECTOR = YES;
				GCC_WARN_UNINITIALIZED_AUTOS = YES_AGGRESSIVE;
				GCC_WARN_UNUSED_FUNCTION = YES;
				GCC_WARN_UNUSED_VARIABLE = YES;
				IPHONEOS_DEPLOYMENT_TARGET = 12.2;
				MTL_ENABLE_DEBUG_INFO = NO;
				MTL_FAST_MATH = YES;
				SDKROOT = iphoneos;
				SWIFT_COMPILATION_MODE = wholemodule;
				SWIFT_OPTIMIZATION_LEVEL = "-O";
				VALIDATE_PRODUCT = YES;
			};
			name = Release;
		};
		AF092C1A2299918900690AE2 /* Debug */ = {
			isa = XCBuildConfiguration;
			buildSettings = {
				ASSETCATALOG_COMPILER_APPICON_NAME = AppIcon;
				CODE_SIGN_STYLE = Automatic;
				DEVELOPMENT_TEAM = "";
				ENABLE_BITCODE = NO;
				FRAMEWORK_SEARCH_PATHS = (
					"$(inherited)",
					"$(PROJECT_DIR)",
				);
				INFOPLIST_FILE = SHAudioPlayerSample/Info.plist;
				IPHONEOS_DEPLOYMENT_TARGET = 9.0;
				LD_RUNPATH_SEARCH_PATHS = (
					"$(inherited)",
					"@executable_path/Frameworks",
				);
				PRODUCT_BUNDLE_IDENTIFIER = com.shebin.sseTwon;
				PRODUCT_NAME = "$(TARGET_NAME)";
				SWIFT_VERSION = 5.0;
				TARGETED_DEVICE_FAMILY = "1,2";
			};
			name = Debug;
		};
		AF092C1B2299918900690AE2 /* Release */ = {
			isa = XCBuildConfiguration;
			buildSettings = {
				ASSETCATALOG_COMPILER_APPICON_NAME = AppIcon;
				CODE_SIGN_STYLE = Automatic;
				DEVELOPMENT_TEAM = "";
				ENABLE_BITCODE = NO;
				FRAMEWORK_SEARCH_PATHS = (
					"$(inherited)",
					"$(PROJECT_DIR)",
				);
				INFOPLIST_FILE = SHAudioPlayerSample/Info.plist;
				IPHONEOS_DEPLOYMENT_TARGET = 9.0;
				LD_RUNPATH_SEARCH_PATHS = (
					"$(inherited)",
					"@executable_path/Frameworks",
				);
				PRODUCT_BUNDLE_IDENTIFIER = com.shebin.sseTwon;
				PRODUCT_NAME = "$(TARGET_NAME)";
				SWIFT_VERSION = 5.0;
				TARGETED_DEVICE_FAMILY = "1,2";
			};
			name = Release;
		};
/* End XCBuildConfiguration section */

/* Begin XCConfigurationList section */
		AF092C022299918600690AE2 /* Build configuration list for PBXProject "SHAudioPlayerSample" */ = {
			isa = XCConfigurationList;
			buildConfigurations = (
				AF092C172299918900690AE2 /* Debug */,
				AF092C182299918900690AE2 /* Release */,
			);
			defaultConfigurationIsVisible = 0;
			defaultConfigurationName = Release;
		};
		AF092C192299918900690AE2 /* Build configuration list for PBXNativeTarget "SHAudioPlayerSample" */ = {
			isa = XCConfigurationList;
			buildConfigurations = (
				AF092C1A2299918900690AE2 /* Debug */,
				AF092C1B2299918900690AE2 /* Release */,
			);
			defaultConfigurationIsVisible = 0;
			defaultConfigurationName = Release;
		};
/* End XCConfigurationList section */
	};
	rootObject = AF092BFF2299918600690AE2 /* Project object */;
}
